// !$*UTF8*$!
{
	archiveVersion = 1;
	classes = {
	};
	objectVersion = 56;
	objects = {

/* Begin PBXBuildFile section */
		6A1AEDE82AEA041D00713274 /* AppDelegate.swift in Sources */ = {isa = PBXBuildFile; fileRef = 6A1AEDE72AEA041D00713274 /* AppDelegate.swift */; };
		6A1AEDEA2AEA041D00713274 /* SceneDelegate.swift in Sources */ = {isa = PBXBuildFile; fileRef = 6A1AEDE92AEA041D00713274 /* SceneDelegate.swift */; };
		6A1AEDEC2AEA041D00713274 /* ViewController.swift in Sources */ = {isa = PBXBuildFile; fileRef = 6A1AEDEB2AEA041D00713274 /* ViewController.swift */; };
		6A1AEDEF2AEA041D00713274 /* Main.storyboard in Resources */ = {isa = PBXBuildFile; fileRef = 6A1AEDED2AEA041D00713274 /* Main.storyboard */; };
		6A1AEDF12AEA041F00713274 /* Assets.xcassets in Resources */ = {isa = PBXBuildFile; fileRef = 6A1AEDF02AEA041F00713274 /* Assets.xcassets */; };
		6A1AEDF42AEA041F00713274 /* LaunchScreen.storyboard in Resources */ = {isa = PBXBuildFile; fileRef = 6A1AEDF22AEA041F00713274 /* LaunchScreen.storyboard */; };
		6A1AEDFD2AEA0B2200713274 /* RestaurantModel.swift in Sources */ = {isa = PBXBuildFile; fileRef = 6A1AEDFC2AEA0B2200713274 /* RestaurantModel.swift */; };
		6A1AEE002AEA0C5600713274 /* RestaurantRemoteDataSource.swift in Sources */ = {isa = PBXBuildFile; fileRef = 6A1AEDFF2AEA0C5600713274 /* RestaurantRemoteDataSource.swift */; };
		6A1AEE082AEA181800713274 /* RestaurantTableViewCell.swift in Sources */ = {isa = PBXBuildFile; fileRef = 6A1AEE062AEA181800713274 /* RestaurantTableViewCell.swift */; };
		6A1AEE092AEA181800713274 /* RestaurantTableViewCell.xib in Resources */ = {isa = PBXBuildFile; fileRef = 6A1AEE072AEA181800713274 /* RestaurantTableViewCell.xib */; };
		6A56645E2AEBC5D10044D667 /* ProfileViewController.swift in Sources */ = {isa = PBXBuildFile; fileRef = 6A56645D2AEBC5D10044D667 /* ProfileViewController.swift */; };
		6A5664602AEBC60B0044D667 /* Utils.swift in Sources */ = {isa = PBXBuildFile; fileRef = 6A56645F2AEBC60B0044D667 /* Utils.swift */; };
		6A7C04442AEA72F60041B248 /* AppConstants.swift in Sources */ = {isa = PBXBuildFile; fileRef = 6A7C04432AEA72F60041B248 /* AppConstants.swift */; };
		6A7C04462AEA73DE0041B248 /* DetailViewController.swift in Sources */ = {isa = PBXBuildFile; fileRef = 6A7C04452AEA73DE0041B248 /* DetailViewController.swift */; };
/* End PBXBuildFile section */

/* Begin PBXFileReference section */
		6A1AEDE42AEA041D00713274 /* tourism_app.app */ = {isa = PBXFileReference; explicitFileType = wrapper.application; includeInIndex = 0; path = tourism_app.app; sourceTree = BUILT_PRODUCTS_DIR; };
		6A1AEDE72AEA041D00713274 /* AppDelegate.swift */ = {isa = PBXFileReference; lastKnownFileType = sourcecode.swift; path = AppDelegate.swift; sourceTree = "<group>"; };
		6A1AEDE92AEA041D00713274 /* SceneDelegate.swift */ = {isa = PBXFileReference; lastKnownFileType = sourcecode.swift; path = SceneDelegate.swift; sourceTree = "<group>"; };
		6A1AEDEB2AEA041D00713274 /* ViewController.swift */ = {isa = PBXFileReference; lastKnownFileType = sourcecode.swift; path = ViewController.swift; sourceTree = "<group>"; };
		6A1AEDEE2AEA041D00713274 /* Base */ = {isa = PBXFileReference; lastKnownFileType = file.storyboard; name = Base; path = Base.lproj/Main.storyboard; sourceTree = "<group>"; };
		6A1AEDF02AEA041F00713274 /* Assets.xcassets */ = {isa = PBXFileReference; lastKnownFileType = folder.assetcatalog; path = Assets.xcassets; sourceTree = "<group>"; };
		6A1AEDF32AEA041F00713274 /* Base */ = {isa = PBXFileReference; lastKnownFileType = file.storyboard; name = Base; path = Base.lproj/LaunchScreen.storyboard; sourceTree = "<group>"; };
		6A1AEDF52AEA041F00713274 /* Info.plist */ = {isa = PBXFileReference; lastKnownFileType = text.plist.xml; path = Info.plist; sourceTree = "<group>"; };
		6A1AEDFC2AEA0B2200713274 /* RestaurantModel.swift */ = {isa = PBXFileReference; lastKnownFileType = sourcecode.swift; path = RestaurantModel.swift; sourceTree = "<group>"; };
		6A1AEDFF2AEA0C5600713274 /* RestaurantRemoteDataSource.swift */ = {isa = PBXFileReference; lastKnownFileType = sourcecode.swift; path = RestaurantRemoteDataSource.swift; sourceTree = "<group>"; };
		6A1AEE062AEA181800713274 /* RestaurantTableViewCell.swift */ = {isa = PBXFileReference; lastKnownFileType = sourcecode.swift; path = RestaurantTableViewCell.swift; sourceTree = "<group>"; };
		6A1AEE072AEA181800713274 /* RestaurantTableViewCell.xib */ = {isa = PBXFileReference; lastKnownFileType = file.xib; path = RestaurantTableViewCell.xib; sourceTree = "<group>"; };
		6A56645D2AEBC5D10044D667 /* ProfileViewController.swift */ = {isa = PBXFileReference; lastKnownFileType = sourcecode.swift; path = ProfileViewController.swift; sourceTree = "<group>"; };
		6A56645F2AEBC60B0044D667 /* Utils.swift */ = {isa = PBXFileReference; lastKnownFileType = sourcecode.swift; path = Utils.swift; sourceTree = "<group>"; };
		6A7C04432AEA72F60041B248 /* AppConstants.swift */ = {isa = PBXFileReference; lastKnownFileType = sourcecode.swift; path = AppConstants.swift; sourceTree = "<group>"; };
		6A7C04452AEA73DE0041B248 /* DetailViewController.swift */ = {isa = PBXFileReference; lastKnownFileType = sourcecode.swift; path = DetailViewController.swift; sourceTree = "<group>"; };
		6AFEE0A52B5E163500EE4994 /* Script.sh */ = {isa = PBXFileReference; lastKnownFileType = text.script.sh; path = Script.sh; sourceTree = "<group>"; };
/* End PBXFileReference section */

/* Begin PBXFrameworksBuildPhase section */
		6A1AEDE12AEA041D00713274 /* Frameworks */ = {
			isa = PBXFrameworksBuildPhase;
			buildActionMask = 2147483647;
			files = (
			);
			runOnlyForDeploymentPostprocessing = 0;
		};
/* End PBXFrameworksBuildPhase section */

/* Begin PBXGroup section */
		6A1AEDDB2AEA041D00713274 = {
			isa = PBXGroup;
			children = (
				6AFEE0A52B5E163500EE4994 /* Script.sh */,
				6A1AEDE62AEA041D00713274 /* tourism_app */,
				6A1AEDE52AEA041D00713274 /* Products */,
			);
			sourceTree = "<group>";
		};
		6A1AEDE52AEA041D00713274 /* Products */ = {
			isa = PBXGroup;
			children = (
				6A1AEDE42AEA041D00713274 /* tourism_app.app */,
			);
			name = Products;
			sourceTree = "<group>";
		};
		6A1AEDE62AEA041D00713274 /* tourism_app */ = {
			isa = PBXGroup;
			children = (
				6A6A8CCE2AEA57F500E439A9 /* view */,
				6A1AEE022AEA0D4100713274 /* app */,
				6A1AEDFE2AEA0C3A00713274 /* data */,
				6A1AEDFB2AEA0B0500713274 /* models */,
				6A1AEDE72AEA041D00713274 /* AppDelegate.swift */,
				6A1AEDE92AEA041D00713274 /* SceneDelegate.swift */,
				6A1AEDEB2AEA041D00713274 /* ViewController.swift */,
				6A1AEDED2AEA041D00713274 /* Main.storyboard */,
				6A1AEDF02AEA041F00713274 /* Assets.xcassets */,
				6A1AEDF22AEA041F00713274 /* LaunchScreen.storyboard */,
				6A1AEDF52AEA041F00713274 /* Info.plist */,
			);
			path = tourism_app;
			sourceTree = "<group>";
		};
		6A1AEDFB2AEA0B0500713274 /* models */ = {
			isa = PBXGroup;
			children = (
				6A1AEDFC2AEA0B2200713274 /* RestaurantModel.swift */,
			);
			path = models;
			sourceTree = "<group>";
		};
		6A1AEDFE2AEA0C3A00713274 /* data */ = {
			isa = PBXGroup;
			children = (
				6A1AEDFF2AEA0C5600713274 /* RestaurantRemoteDataSource.swift */,
			);
			path = data;
			sourceTree = "<group>";
		};
		6A1AEE022AEA0D4100713274 /* app */ = {
			isa = PBXGroup;
			children = (
				6A7C04432AEA72F60041B248 /* AppConstants.swift */,
				6A56645F2AEBC60B0044D667 /* Utils.swift */,
			);
			path = app;
			sourceTree = "<group>";
		};
		6A1AEE052AEA17E100713274 /* cells */ = {
			isa = PBXGroup;
			children = (
				6A1AEE062AEA181800713274 /* RestaurantTableViewCell.swift */,
				6A1AEE072AEA181800713274 /* RestaurantTableViewCell.xib */,
			);
			path = cells;
			sourceTree = "<group>";
		};
		6A56645A2AEBC3B80044D667 /* profile_view */ = {
			isa = PBXGroup;
			children = (
				6A56645D2AEBC5D10044D667 /* ProfileViewController.swift */,
			);
			path = profile_view;
			sourceTree = "<group>";
		};
		6A6A8CCE2AEA57F500E439A9 /* view */ = {
			isa = PBXGroup;
			children = (
				6A56645A2AEBC3B80044D667 /* profile_view */,
				6A6A8CCF2AEA580600E439A9 /* detail_view */,
				6A1AEE052AEA17E100713274 /* cells */,
			);
			path = view;
			sourceTree = "<group>";
		};
		6A6A8CCF2AEA580600E439A9 /* detail_view */ = {
			isa = PBXGroup;
			children = (
				6A7C04452AEA73DE0041B248 /* DetailViewController.swift */,
			);
			path = detail_view;
			sourceTree = "<group>";
		};
/* End PBXGroup section */

/* Begin PBXNativeTarget section */
		6A1AEDE32AEA041D00713274 /* tourism_app */ = {
			isa = PBXNativeTarget;
			buildConfigurationList = 6A1AEDF82AEA041F00713274 /* Build configuration list for PBXNativeTarget "tourism_app" */;
			buildPhases = (
				6A1AEDE02AEA041D00713274 /* Sources */,
				6A1AEDE12AEA041D00713274 /* Frameworks */,
				6A1AEDE22AEA041D00713274 /* Resources */,
			);
			buildRules = (
			);
			dependencies = (
			);
			name = tourism_app;
			productName = tourism_app;
			productReference = 6A1AEDE42AEA041D00713274 /* tourism_app.app */;
			productType = "com.apple.product-type.application";
		};
/* End PBXNativeTarget section */

/* Begin PBXProject section */
		6A1AEDDC2AEA041D00713274 /* Project object */ = {
			isa = PBXProject;
			attributes = {
				BuildIndependentTargetsInParallel = 1;
				LastSwiftUpdateCheck = 1500;
				LastUpgradeCheck = 1500;
				TargetAttributes = {
					6A1AEDE32AEA041D00713274 = {
						CreatedOnToolsVersion = 15.0;
					};
				};
			};
			buildConfigurationList = 6A1AEDDF2AEA041D00713274 /* Build configuration list for PBXProject "tourism_app" */;
			compatibilityVersion = "Xcode 14.0";
			developmentRegion = en;
			hasScannedForEncodings = 0;
			knownRegions = (
				en,
				Base,
			);
			mainGroup = 6A1AEDDB2AEA041D00713274;
			productRefGroup = 6A1AEDE52AEA041D00713274 /* Products */;
			projectDirPath = "";
			projectRoot = "";
			targets = (
				6A1AEDE32AEA041D00713274 /* tourism_app */,
			);
		};
/* End PBXProject section */

/* Begin PBXResourcesBuildPhase section */
		6A1AEDE22AEA041D00713274 /* Resources */ = {
			isa = PBXResourcesBuildPhase;
			buildActionMask = 2147483647;
			files = (
				6A1AEE092AEA181800713274 /* RestaurantTableViewCell.xib in Resources */,
				6A1AEDF42AEA041F00713274 /* LaunchScreen.storyboard in Resources */,
				6A1AEDF12AEA041F00713274 /* Assets.xcassets in Resources */,
				6A1AEDEF2AEA041D00713274 /* Main.storyboard in Resources */,
			);
			runOnlyForDeploymentPostprocessing = 0;
		};
/* End PBXResourcesBuildPhase section */

/* Begin PBXSourcesBuildPhase section */
		6A1AEDE02AEA041D00713274 /* Sources */ = {
			isa = PBXSourcesBuildPhase;
			buildActionMask = 2147483647;
			files = (
				6A1AEDEC2AEA041D00713274 /* ViewController.swift in Sources */,
				6A7C04442AEA72F60041B248 /* AppConstants.swift in Sources */,
				6A1AEE002AEA0C5600713274 /* RestaurantRemoteDataSource.swift in Sources */,
				6A1AEDE82AEA041D00713274 /* AppDelegate.swift in Sources */,
				6A1AEDFD2AEA0B2200713274 /* RestaurantModel.swift in Sources */,
				6A5664602AEBC60B0044D667 /* Utils.swift in Sources */,
				6A1AEE082AEA181800713274 /* RestaurantTableViewCell.swift in Sources */,
				6A56645E2AEBC5D10044D667 /* ProfileViewController.swift in Sources */,
				6A1AEDEA2AEA041D00713274 /* SceneDelegate.swift in Sources */,
				6A7C04462AEA73DE0041B248 /* DetailViewController.swift in Sources */,
			);
			runOnlyForDeploymentPostprocessing = 0;
		};
/* End PBXSourcesBuildPhase section */

/* Begin PBXVariantGroup section */
		6A1AEDED2AEA041D00713274 /* Main.storyboard */ = {
			isa = PBXVariantGroup;
			children = (
				6A1AEDEE2AEA041D00713274 /* Base */,
			);
			name = Main.storyboard;
			sourceTree = "<group>";
		};
		6A1AEDF22AEA041F00713274 /* LaunchScreen.storyboard */ = {
			isa = PBXVariantGroup;
			children = (
				6A1AEDF32AEA041F00713274 /* Base */,
			);
			name = LaunchScreen.storyboard;
			sourceTree = "<group>";
		};
/* End PBXVariantGroup section */

/* Begin XCBuildConfiguration section */
		6A1AEDF62AEA041F00713274 /* Debug */ = {
			isa = XCBuildConfiguration;
			buildSettings = {
				ALWAYS_SEARCH_USER_PATHS = NO;
				ASSETCATALOG_COMPILER_GENERATE_SWIFT_ASSET_SYMBOL_EXTENSIONS = YES;
				CLANG_ANALYZER_NONNULL = YES;
				CLANG_ANALYZER_NUMBER_OBJECT_CONVERSION = YES_AGGRESSIVE;
				CLANG_CXX_LANGUAGE_STANDARD = "gnu++20";
				CLANG_ENABLE_MODULES = YES;
				CLANG_ENABLE_OBJC_ARC = YES;
				CLANG_ENABLE_OBJC_WEAK = YES;
				CLANG_WARN_BLOCK_CAPTURE_AUTORELEASING = YES;
				CLANG_WARN_BOOL_CONVERSION = YES;
				CLANG_WARN_COMMA = YES;
				CLANG_WARN_CONSTANT_CONVERSION = YES;
				CLANG_WARN_DEPRECATED_OBJC_IMPLEMENTATIONS = YES;
				CLANG_WARN_DIRECT_OBJC_ISA_USAGE = YES_ERROR;
				CLANG_WARN_DOCUMENTATION_COMMENTS = YES;
				CLANG_WARN_EMPTY_BODY = YES;
				CLANG_WARN_ENUM_CONVERSION = YES;
				CLANG_WARN_INFINITE_RECURSION = YES;
				CLANG_WARN_INT_CONVERSION = YES;
				CLANG_WARN_NON_LITERAL_NULL_CONVERSION = YES;
				CLANG_WARN_OBJC_IMPLICIT_RETAIN_SELF = YES;
				CLANG_WARN_OBJC_LITERAL_CONVERSION = YES;
				CLANG_WARN_OBJC_ROOT_CLASS = YES_ERROR;
				CLANG_WARN_QUOTED_INCLUDE_IN_FRAMEWORK_HEADER = YES;
				CLANG_WARN_RANGE_LOOP_ANALYSIS = YES;
				CLANG_WARN_STRICT_PROTOTYPES = YES;
				CLANG_WARN_SUSPICIOUS_MOVE = YES;
				CLANG_WARN_UNGUARDED_AVAILABILITY = YES_AGGRESSIVE;
				CLANG_WARN_UNREACHABLE_CODE = YES;
				CLANG_WARN__DUPLICATE_METHOD_MATCH = YES;
				COPY_PHASE_STRIP = NO;
				DEBUG_INFORMATION_FORMAT = dwarf;
				ENABLE_STRICT_OBJC_MSGSEND = YES;
				ENABLE_TESTABILITY = YES;
				ENABLE_USER_SCRIPT_SANDBOXING = YES;
				GCC_C_LANGUAGE_STANDARD = gnu17;
				GCC_DYNAMIC_NO_PIC = NO;
				GCC_NO_COMMON_BLOCKS = YES;
				GCC_OPTIMIZATION_LEVEL = 0;
				GCC_PREPROCESSOR_DEFINITIONS = (
					"DEBUG=1",
					"$(inherited)",
				);
				GCC_WARN_64_TO_32_BIT_CONVERSION = YES;
				GCC_WARN_ABOUT_RETURN_TYPE = YES_ERROR;
				GCC_WARN_UNDECLARED_SELECTOR = YES;
				GCC_WARN_UNINITIALIZED_AUTOS = YES_AGGRESSIVE;
				GCC_WARN_UNUSED_FUNCTION = YES;
				GCC_WARN_UNUSED_VARIABLE = YES;
				IPHONEOS_DEPLOYMENT_TARGET = 17.0;
				LOCALIZATION_PREFERS_STRING_CATALOGS = YES;
				MTL_ENABLE_DEBUG_INFO = INCLUDE_SOURCE;
				MTL_FAST_MATH = YES;
				ONLY_ACTIVE_ARCH = YES;
				SDKROOT = iphoneos;
				SWIFT_ACTIVE_COMPILATION_CONDITIONS = "DEBUG $(inherited)";
				SWIFT_OPTIMIZATION_LEVEL = "-Onone";
			};
			name = Debug;
		};
		6A1AEDF72AEA041F00713274 /* Release */ = {
			isa = XCBuildConfiguration;
			buildSettings = {
				ALWAYS_SEARCH_USER_PATHS = NO;
				ASSETCATALOG_COMPILER_GENERATE_SWIFT_ASSET_SYMBOL_EXTENSIONS = YES;
				CLANG_ANALYZER_NONNULL = YES;
				CLANG_ANALYZER_NUMBER_OBJECT_CONVERSION = YES_AGGRESSIVE;
				CLANG_CXX_LANGUAGE_STANDARD = "gnu++20";
				CLANG_ENABLE_MODULES = YES;
				CLANG_ENABLE_OBJC_ARC = YES;
				CLANG_ENABLE_OBJC_WEAK = YES;
				CLANG_WARN_BLOCK_CAPTURE_AUTORELEASING = YES;
				CLANG_WARN_BOOL_CONVERSION = YES;
				CLANG_WARN_COMMA = YES;
				CLANG_WARN_CONSTANT_CONVERSION = YES;
				CLANG_WARN_DEPRECATED_OBJC_IMPLEMENTATIONS = YES;
				CLANG_WARN_DIRECT_OBJC_ISA_USAGE = YES_ERROR;
				CLANG_WARN_DOCUMENTATION_COMMENTS = YES;
				CLANG_WARN_EMPTY_BODY = YES;
				CLANG_WARN_ENUM_CONVERSION = YES;
				CLANG_WARN_INFINITE_RECURSION = YES;
				CLANG_WARN_INT_CONVERSION = YES;
				CLANG_WARN_NON_LITERAL_NULL_CONVERSION = YES;
				CLANG_WARN_OBJC_IMPLICIT_RETAIN_SELF = YES;
				CLANG_WARN_OBJC_LITERAL_CONVERSION = YES;
				CLANG_WARN_OBJC_ROOT_CLASS = YES_ERROR;
				CLANG_WARN_QUOTED_INCLUDE_IN_FRAMEWORK_HEADER = YES;
				CLANG_WARN_RANGE_LOOP_ANALYSIS = YES;
				CLANG_WARN_STRICT_PROTOTYPES = YES;
				CLANG_WARN_SUSPICIOUS_MOVE = YES;
				CLANG_WARN_UNGUARDED_AVAILABILITY = YES_AGGRESSIVE;
				CLANG_WARN_UNREACHABLE_CODE = YES;
				CLANG_WARN__DUPLICATE_METHOD_MATCH = YES;
				COPY_PHASE_STRIP = NO;
				DEBUG_INFORMATION_FORMAT = "dwarf-with-dsym";
				ENABLE_NS_ASSERTIONS = NO;
				ENABLE_STRICT_OBJC_MSGSEND = YES;
				ENABLE_USER_SCRIPT_SANDBOXING = YES;
				GCC_C_LANGUAGE_STANDARD = gnu17;
				GCC_NO_COMMON_BLOCKS = YES;
				GCC_WARN_64_TO_32_BIT_CONVERSION = YES;
				GCC_WARN_ABOUT_RETURN_TYPE = YES_ERROR;
				GCC_WARN_UNDECLARED_SELECTOR = YES;
				GCC_WARN_UNINITIALIZED_AUTOS = YES_AGGRESSIVE;
				GCC_WARN_UNUSED_FUNCTION = YES;
				GCC_WARN_UNUSED_VARIABLE = YES;
				IPHONEOS_DEPLOYMENT_TARGET = 17.0;
				LOCALIZATION_PREFERS_STRING_CATALOGS = YES;
				MTL_ENABLE_DEBUG_INFO = NO;
				MTL_FAST_MATH = YES;
				SDKROOT = iphoneos;
				SWIFT_COMPILATION_MODE = wholemodule;
				VALIDATE_PRODUCT = YES;
			};
			name = Release;
		};
		6A1AEDF92AEA041F00713274 /* Debug */ = {
			isa = XCBuildConfiguration;
			buildSettings = {
				ASSETCATALOG_COMPILER_APPICON_NAME = AppIcon;
				ASSETCATALOG_COMPILER_GLOBAL_ACCENT_COLOR_NAME = AccentColor;
				CODE_SIGN_STYLE = Automatic;
				CURRENT_PROJECT_VERSION = 1;
				DEVELOPMENT_TEAM = AHR527DS5X;
				GENERATE_INFOPLIST_FILE = YES;
				INFOPLIST_FILE = tourism_app/Info.plist;
				INFOPLIST_KEY_UIApplicationSupportsIndirectInputEvents = YES;
				INFOPLIST_KEY_UILaunchStoryboardName = LaunchScreen;
				INFOPLIST_KEY_UIMainStoryboardFile = Main;
				INFOPLIST_KEY_UISupportedInterfaceOrientations_iPad = "UIInterfaceOrientationPortrait UIInterfaceOrientationPortraitUpsideDown UIInterfaceOrientationLandscapeLeft UIInterfaceOrientationLandscapeRight";
				INFOPLIST_KEY_UISupportedInterfaceOrientations_iPhone = "UIInterfaceOrientationPortrait UIInterfaceOrientationLandscapeLeft UIInterfaceOrientationLandscapeRight";
				LD_RUNPATH_SEARCH_PATHS = (
					"$(inherited)",
					"@executable_path/Frameworks",
				);
				MARKETING_VERSION = 1.0;
				PRODUCT_BUNDLE_IDENTIFIER = "com.jagoteori.www.tourism-app";
				PRODUCT_NAME = "$(TARGET_NAME)";
				SWIFT_EMIT_LOC_STRINGS = YES;
				SWIFT_VERSION = 5.0;
				TARGETED_DEVICE_FAMILY = "1,2";
			};
			name = Debug;
		};
		6A1AEDFA2AEA041F00713274 /* Release */ = {
			isa = XCBuildConfiguration;
			buildSettings = {
				ASSETCATALOG_COMPILER_APPICON_NAME = AppIcon;
				ASSETCATALOG_COMPILER_GLOBAL_ACCENT_COLOR_NAME = AccentColor;
				CODE_SIGN_STYLE = Automatic;
				CURRENT_PROJECT_VERSION = 1;
				DEVELOPMENT_TEAM = AHR527DS5X;
				GENERATE_INFOPLIST_FILE = YES;
				INFOPLIST_FILE = tourism_app/Info.plist;
				INFOPLIST_KEY_UIApplicationSupportsIndirectInputEvents = YES;
				INFOPLIST_KEY_UILaunchStoryboardName = LaunchScreen;
				INFOPLIST_KEY_UIMainStoryboardFile = Main;
				INFOPLIST_KEY_UISupportedInterfaceOrientations_iPad = "UIInterfaceOrientationPortrait UIInterfaceOrientationPortraitUpsideDown UIInterfaceOrientationLandscapeLeft UIInterfaceOrientationLandscapeRight";
				INFOPLIST_KEY_UISupportedInterfaceOrientations_iPhone = "UIInterfaceOrientationPortrait UIInterfaceOrientationLandscapeLeft UIInterfaceOrientationLandscapeRight";
				LD_RUNPATH_SEARCH_PATHS = (
					"$(inherited)",
					"@executable_path/Frameworks",
				);
				MARKETING_VERSION = 1.0;
				PRODUCT_BUNDLE_IDENTIFIER = "com.jagoteori.www.tourism-app";
				PRODUCT_NAME = "$(TARGET_NAME)";
				SWIFT_EMIT_LOC_STRINGS = YES;
				SWIFT_VERSION = 5.0;
				TARGETED_DEVICE_FAMILY = "1,2";
			};
			name = Release;
		};
/* End XCBuildConfiguration section */

/* Begin XCConfigurationList section */
		6A1AEDDF2AEA041D00713274 /* Build configuration list for PBXProject "tourism_app" */ = {
			isa = XCConfigurationList;
			buildConfigurations = (
				6A1AEDF62AEA041F00713274 /* Debug */,
				6A1AEDF72AEA041F00713274 /* Release */,
			);
			defaultConfigurationIsVisible = 0;
			defaultConfigurationName = Release;
		};
		6A1AEDF82AEA041F00713274 /* Build configuration list for PBXNativeTarget "tourism_app" */ = {
			isa = XCConfigurationList;
			buildConfigurations = (
				6A1AEDF92AEA041F00713274 /* Debug */,
				6A1AEDFA2AEA041F00713274 /* Release */,
			);
			defaultConfigurationIsVisible = 0;
			defaultConfigurationName = Release;
		};
/* End XCConfigurationList section */
	};
	rootObject = 6A1AEDDC2AEA041D00713274 /* Project object */;
}
